// !$*UTF8*$!
{
	archiveVersion = 1;
	classes = {
	};
	objectVersion = 56;
	objects = {

/* Begin PBXBuildFile section */
		E36AD23F2BB7533400606E03 /* AppDelegate.swift in Sources */ = {isa = PBXBuildFile; fileRef = E36AD23E2BB7533400606E03 /* AppDelegate.swift */; };
		E36AD2412BB7533400606E03 /* SceneDelegate.swift in Sources */ = {isa = PBXBuildFile; fileRef = E36AD2402BB7533400606E03 /* SceneDelegate.swift */; };
		E36AD2432BB7533400606E03 /* ViewController.swift in Sources */ = {isa = PBXBuildFile; fileRef = E36AD2422BB7533400606E03 /* ViewController.swift */; };
		E36AD2462BB7533400606E03 /* Main.storyboard in Resources */ = {isa = PBXBuildFile; fileRef = E36AD2442BB7533400606E03 /* Main.storyboard */; };
		E36AD2482BB7533700606E03 /* Assets.xcassets in Resources */ = {isa = PBXBuildFile; fileRef = E36AD2472BB7533700606E03 /* Assets.xcassets */; };
		E36AD24B2BB7533700606E03 /* LaunchScreen.storyboard in Resources */ = {isa = PBXBuildFile; fileRef = E36AD2492BB7533700606E03 /* LaunchScreen.storyboard */; };
		E36AD2562BB7533700606E03 /* SpeedWritingAppTests.swift in Sources */ = {isa = PBXBuildFile; fileRef = E36AD2552BB7533700606E03 /* SpeedWritingAppTests.swift */; };
		E36AD2602BB7533800606E03 /* SpeedWritingAppUITests.swift in Sources */ = {isa = PBXBuildFile; fileRef = E36AD25F2BB7533800606E03 /* SpeedWritingAppUITests.swift */; };
		E36AD2622BB7533800606E03 /* SpeedWritingAppUITestsLaunchTests.swift in Sources */ = {isa = PBXBuildFile; fileRef = E36AD2612BB7533800606E03 /* SpeedWritingAppUITestsLaunchTests.swift */; };
/* End PBXBuildFile section */

/* Begin PBXContainerItemProxy section */
		E36AD2522BB7533700606E03 /* PBXContainerItemProxy */ = {
			isa = PBXContainerItemProxy;
			containerPortal = E36AD2332BB7533400606E03 /* Project object */;
			proxyType = 1;
			remoteGlobalIDString = E36AD23A2BB7533400606E03;
			remoteInfo = SpeedWritingApp;
		};
		E36AD25C2BB7533800606E03 /* PBXContainerItemProxy */ = {
			isa = PBXContainerItemProxy;
			containerPortal = E36AD2332BB7533400606E03 /* Project object */;
			proxyType = 1;
			remoteGlobalIDString = E36AD23A2BB7533400606E03;
			remoteInfo = SpeedWritingApp;
		};
/* End PBXContainerItemProxy section */

/* Begin PBXFileReference section */
		E36AD23B2BB7533400606E03 /* SpeedWritingApp.app */ = {isa = PBXFileReference; explicitFileType = wrapper.application; includeInIndex = 0; path = SpeedWritingApp.app; sourceTree = BUILT_PRODUCTS_DIR; };
		E36AD23E2BB7533400606E03 /* AppDelegate.swift */ = {isa = PBXFileReference; lastKnownFileType = sourcecode.swift; path = AppDelegate.swift; sourceTree = "<group>"; };
		E36AD2402BB7533400606E03 /* SceneDelegate.swift */ = {isa = PBXFileReference; lastKnownFileType = sourcecode.swift; path = SceneDelegate.swift; sourceTree = "<group>"; };
		E36AD2422BB7533400606E03 /* ViewController.swift */ = {isa = PBXFileReference; lastKnownFileType = sourcecode.swift; path = ViewController.swift; sourceTree = "<group>"; };
		E36AD2452BB7533400606E03 /* Base */ = {isa = PBXFileReference; lastKnownFileType = file.storyboard; name = Base; path = Base.lproj/Main.storyboard; sourceTree = "<group>"; };
		E36AD2472BB7533700606E03 /* Assets.xcassets */ = {isa = PBXFileReference; lastKnownFileType = folder.assetcatalog; path = Assets.xcassets; sourceTree = "<group>"; };
		E36AD24A2BB7533700606E03 /* Base */ = {isa = PBXFileReference; lastKnownFileType = file.storyboard; name = Base; path = Base.lproj/LaunchScreen.storyboard; sourceTree = "<group>"; };
		E36AD24C2BB7533700606E03 /* Info.plist */ = {isa = PBXFileReference; lastKnownFileType = text.plist.xml; path = Info.plist; sourceTree = "<group>"; };
		E36AD2512BB7533700606E03 /* SpeedWritingAppTests.xctest */ = {isa = PBXFileReference; explicitFileType = wrapper.cfbundle; includeInIndex = 0; path = SpeedWritingAppTests.xctest; sourceTree = BUILT_PRODUCTS_DIR; };
		E36AD2552BB7533700606E03 /* SpeedWritingAppTests.swift */ = {isa = PBXFileReference; lastKnownFileType = sourcecode.swift; path = SpeedWritingAppTests.swift; sourceTree = "<group>"; };
		E36AD25B2BB7533800606E03 /* SpeedWritingAppUITests.xctest */ = {isa = PBXFileReference; explicitFileType = wrapper.cfbundle; includeInIndex = 0; path = SpeedWritingAppUITests.xctest; sourceTree = BUILT_PRODUCTS_DIR; };
		E36AD25F2BB7533800606E03 /* SpeedWritingAppUITests.swift */ = {isa = PBXFileReference; lastKnownFileType = sourcecode.swift; path = SpeedWritingAppUITests.swift; sourceTree = "<group>"; };
		E36AD2612BB7533800606E03 /* SpeedWritingAppUITestsLaunchTests.swift */ = {isa = PBXFileReference; lastKnownFileType = sourcecode.swift; path = SpeedWritingAppUITestsLaunchTests.swift; sourceTree = "<group>"; };
/* End PBXFileReference section */

/* Begin PBXFrameworksBuildPhase section */
		E36AD2382BB7533400606E03 /* Frameworks */ = {
			isa = PBXFrameworksBuildPhase;
			buildActionMask = 2147483647;
			files = (
			);
			runOnlyForDeploymentPostprocessing = 0;
		};
		E36AD24E2BB7533700606E03 /* Frameworks */ = {
			isa = PBXFrameworksBuildPhase;
			buildActionMask = 2147483647;
			files = (
			);
			runOnlyForDeploymentPostprocessing = 0;
		};
		E36AD2582BB7533800606E03 /* Frameworks */ = {
			isa = PBXFrameworksBuildPhase;
			buildActionMask = 2147483647;
			files = (
			);
			runOnlyForDeploymentPostprocessing = 0;
		};
/* End PBXFrameworksBuildPhase section */

/* Begin PBXGroup section */
		E36AD2322BB7533400606E03 = {
			isa = PBXGroup;
			children = (
				E36AD23D2BB7533400606E03 /* SpeedWritingApp */,
				E36AD2542BB7533700606E03 /* SpeedWritingAppTests */,
				E36AD25E2BB7533800606E03 /* SpeedWritingAppUITests */,
				E36AD23C2BB7533400606E03 /* Products */,
			);
			sourceTree = "<group>";
		};
		E36AD23C2BB7533400606E03 /* Products */ = {
			isa = PBXGroup;
			children = (
				E36AD23B2BB7533400606E03 /* SpeedWritingApp.app */,
				E36AD2512BB7533700606E03 /* SpeedWritingAppTests.xctest */,
				E36AD25B2BB7533800606E03 /* SpeedWritingAppUITests.xctest */,
			);
			name = Products;
			sourceTree = "<group>";
		};
		E36AD23D2BB7533400606E03 /* SpeedWritingApp */ = {
			isa = PBXGroup;
			children = (
				E36AD23E2BB7533400606E03 /* AppDelegate.swift */,
				E36AD2402BB7533400606E03 /* SceneDelegate.swift */,
				E36AD2422BB7533400606E03 /* ViewController.swift */,
				E36AD2442BB7533400606E03 /* Main.storyboard */,
				E36AD2472BB7533700606E03 /* Assets.xcassets */,
				E36AD2492BB7533700606E03 /* LaunchScreen.storyboard */,
				E36AD24C2BB7533700606E03 /* Info.plist */,
			);
			path = SpeedWritingApp;
			sourceTree = "<group>";
		};
		E36AD2542BB7533700606E03 /* SpeedWritingAppTests */ = {
			isa = PBXGroup;
			children = (
				E36AD2552BB7533700606E03 /* SpeedWritingAppTests.swift */,
			);
			path = SpeedWritingAppTests;
			sourceTree = "<group>";
		};
		E36AD25E2BB7533800606E03 /* SpeedWritingAppUITests */ = {
			isa = PBXGroup;
			children = (
				E36AD25F2BB7533800606E03 /* SpeedWritingAppUITests.swift */,
				E36AD2612BB7533800606E03 /* SpeedWritingAppUITestsLaunchTests.swift */,
			);
			path = SpeedWritingAppUITests;
			sourceTree = "<group>";
		};
/* End PBXGroup section */

/* Begin PBXNativeTarget section */
		E36AD23A2BB7533400606E03 /* SpeedWritingApp */ = {
			isa = PBXNativeTarget;
			buildConfigurationList = E36AD2652BB7533800606E03 /* Build configuration list for PBXNativeTarget "SpeedWritingApp" */;
			buildPhases = (
				E36AD2372BB7533400606E03 /* Sources */,
				E36AD2382BB7533400606E03 /* Frameworks */,
				E36AD2392BB7533400606E03 /* Resources */,
			);
			buildRules = (
			);
			dependencies = (
			);
			name = SpeedWritingApp;
			productName = SpeedWritingApp;
			productReference = E36AD23B2BB7533400606E03 /* SpeedWritingApp.app */;
			productType = "com.apple.product-type.application";
		};
		E36AD2502BB7533700606E03 /* SpeedWritingAppTests */ = {
			isa = PBXNativeTarget;
			buildConfigurationList = E36AD2682BB7533800606E03 /* Build configuration list for PBXNativeTarget "SpeedWritingAppTests" */;
			buildPhases = (
				E36AD24D2BB7533700606E03 /* Sources */,
				E36AD24E2BB7533700606E03 /* Frameworks */,
				E36AD24F2BB7533700606E03 /* Resources */,
			);
			buildRules = (
			);
			dependencies = (
				E36AD2532BB7533700606E03 /* PBXTargetDependency */,
			);
			name = SpeedWritingAppTests;
			productName = SpeedWritingAppTests;
			productReference = E36AD2512BB7533700606E03 /* SpeedWritingAppTests.xctest */;
			productType = "com.apple.product-type.bundle.unit-test";
		};
		E36AD25A2BB7533800606E03 /* SpeedWritingAppUITests */ = {
			isa = PBXNativeTarget;
			buildConfigurationList = E36AD26B2BB7533800606E03 /* Build configuration list for PBXNativeTarget "SpeedWritingAppUITests" */;
			buildPhases = (
				E36AD2572BB7533800606E03 /* Sources */,
				E36AD2582BB7533800606E03 /* Frameworks */,
				E36AD2592BB7533800606E03 /* Resources */,
			);
			buildRules = (
			);
			dependencies = (
				E36AD25D2BB7533800606E03 /* PBXTargetDependency */,
			);
			name = SpeedWritingAppUITests;
			productName = SpeedWritingAppUITests;
			productReference = E36AD25B2BB7533800606E03 /* SpeedWritingAppUITests.xctest */;
			productType = "com.apple.product-type.bundle.ui-testing";
		};
/* End PBXNativeTarget section */

/* Begin PBXProject section */
		E36AD2332BB7533400606E03 /* Project object */ = {
			isa = PBXProject;
			attributes = {
				BuildIndependentTargetsInParallel = 1;
				LastSwiftUpdateCheck = 1420;
				LastUpgradeCheck = 1420;
				TargetAttributes = {
					E36AD23A2BB7533400606E03 = {
						CreatedOnToolsVersion = 14.2;
					};
					E36AD2502BB7533700606E03 = {
						CreatedOnToolsVersion = 14.2;
						TestTargetID = E36AD23A2BB7533400606E03;
					};
					E36AD25A2BB7533800606E03 = {
						CreatedOnToolsVersion = 14.2;
						TestTargetID = E36AD23A2BB7533400606E03;
					};
				};
			};
			buildConfigurationList = E36AD2362BB7533400606E03 /* Build configuration list for PBXProject "SpeedWritingApp" */;
			compatibilityVersion = "Xcode 14.0";
			developmentRegion = en;
			hasScannedForEncodings = 0;
			knownRegions = (
				en,
				Base,
			);
			mainGroup = E36AD2322BB7533400606E03;
			productRefGroup = E36AD23C2BB7533400606E03 /* Products */;
			projectDirPath = "";
			projectRoot = "";
			targets = (
				E36AD23A2BB7533400606E03 /* SpeedWritingApp */,
				E36AD2502BB7533700606E03 /* SpeedWritingAppTests */,
				E36AD25A2BB7533800606E03 /* SpeedWritingAppUITests */,
			);
		};
/* End PBXProject section */

/* Begin PBXResourcesBuildPhase section */
		E36AD2392BB7533400606E03 /* Resources */ = {
			isa = PBXResourcesBuildPhase;
			buildActionMask = 2147483647;
			files = (
				E36AD24B2BB7533700606E03 /* LaunchScreen.storyboard in Resources */,
				E36AD2482BB7533700606E03 /* Assets.xcassets in Resources */,
				E36AD2462BB7533400606E03 /* Main.storyboard in Resources */,
			);
			runOnlyForDeploymentPostprocessing = 0;
		};
		E36AD24F2BB7533700606E03 /* Resources */ = {
			isa = PBXResourcesBuildPhase;
			buildActionMask = 2147483647;
			files = (
			);
			runOnlyForDeploymentPostprocessing = 0;
		};
		E36AD2592BB7533800606E03 /* Resources */ = {
			isa = PBXResourcesBuildPhase;
			buildActionMask = 2147483647;
			files = (
			);
			runOnlyForDeploymentPostprocessing = 0;
		};
/* End PBXResourcesBuildPhase section */

/* Begin PBXSourcesBuildPhase section */
		E36AD2372BB7533400606E03 /* Sources */ = {
			isa = PBXSourcesBuildPhase;
			buildActionMask = 2147483647;
			files = (
				E36AD2432BB7533400606E03 /* ViewController.swift in Sources */,
				E36AD23F2BB7533400606E03 /* AppDelegate.swift in Sources */,
				E36AD2412BB7533400606E03 /* SceneDelegate.swift in Sources */,
			);
			runOnlyForDeploymentPostprocessing = 0;
		};
		E36AD24D2BB7533700606E03 /* Sources */ = {
			isa = PBXSourcesBuildPhase;
			buildActionMask = 2147483647;
			files = (
				E36AD2562BB7533700606E03 /* SpeedWritingAppTests.swift in Sources */,
			);
			runOnlyForDeploymentPostprocessing = 0;
		};
		E36AD2572BB7533800606E03 /* Sources */ = {
			isa = PBXSourcesBuildPhase;
			buildActionMask = 2147483647;
			files = (
				E36AD2602BB7533800606E03 /* SpeedWritingAppUITests.swift in Sources */,
				E36AD2622BB7533800606E03 /* SpeedWritingAppUITestsLaunchTests.swift in Sources */,
			);
			runOnlyForDeploymentPostprocessing = 0;
		};
/* End PBXSourcesBuildPhase section */

/* Begin PBXTargetDependency section */
		E36AD2532BB7533700606E03 /* PBXTargetDependency */ = {
			isa = PBXTargetDependency;
			target = E36AD23A2BB7533400606E03 /* SpeedWritingApp */;
			targetProxy = E36AD2522BB7533700606E03 /* PBXContainerItemProxy */;
		};
		E36AD25D2BB7533800606E03 /* PBXTargetDependency */ = {
			isa = PBXTargetDependency;
			target = E36AD23A2BB7533400606E03 /* SpeedWritingApp */;
			targetProxy = E36AD25C2BB7533800606E03 /* PBXContainerItemProxy */;
		};
/* End PBXTargetDependency section */

/* Begin PBXVariantGroup section */
		E36AD2442BB7533400606E03 /* Main.storyboard */ = {
			isa = PBXVariantGroup;
			children = (
				E36AD2452BB7533400606E03 /* Base */,
			);
			name = Main.storyboard;
			sourceTree = "<group>";
		};
		E36AD2492BB7533700606E03 /* LaunchScreen.storyboard */ = {
			isa = PBXVariantGroup;
			children = (
				E36AD24A2BB7533700606E03 /* Base */,
			);
			name = LaunchScreen.storyboard;
			sourceTree = "<group>";
		};
/* End PBXVariantGroup section */

/* Begin XCBuildConfiguration section */
		E36AD2632BB7533800606E03 /* Debug */ = {
			isa = XCBuildConfiguration;
			buildSettings = {
				ALWAYS_SEARCH_USER_PATHS = NO;
				CLANG_ANALYZER_NONNULL = YES;
				CLANG_ANALYZER_NUMBER_OBJECT_CONVERSION = YES_AGGRESSIVE;
				CLANG_CXX_LANGUAGE_STANDARD = "gnu++20";
				CLANG_ENABLE_MODULES = YES;
				CLANG_ENABLE_OBJC_ARC = YES;
				CLANG_ENABLE_OBJC_WEAK = YES;
				CLANG_WARN_BLOCK_CAPTURE_AUTORELEASING = YES;
				CLANG_WARN_BOOL_CONVERSION = YES;
				CLANG_WARN_COMMA = YES;
				CLANG_WARN_CONSTANT_CONVERSION = YES;
				CLANG_WARN_DEPRECATED_OBJC_IMPLEMENTATIONS = YES;
				CLANG_WARN_DIRECT_OBJC_ISA_USAGE = YES_ERROR;
				CLANG_WARN_DOCUMENTATION_COMMENTS = YES;
				CLANG_WARN_EMPTY_BODY = YES;
				CLANG_WARN_ENUM_CONVERSION = YES;
				CLANG_WARN_INFINITE_RECURSION = YES;
				CLANG_WARN_INT_CONVERSION = YES;
				CLANG_WARN_NON_LITERAL_NULL_CONVERSION = YES;
				CLANG_WARN_OBJC_IMPLICIT_RETAIN_SELF = YES;
				CLANG_WARN_OBJC_LITERAL_CONVERSION = YES;
				CLANG_WARN_OBJC_ROOT_CLASS = YES_ERROR;
				CLANG_WARN_QUOTED_INCLUDE_IN_FRAMEWORK_HEADER = YES;
				CLANG_WARN_RANGE_LOOP_ANALYSIS = YES;
				CLANG_WARN_STRICT_PROTOTYPES = YES;
				CLANG_WARN_SUSPICIOUS_MOVE = YES;
				CLANG_WARN_UNGUARDED_AVAILABILITY = YES_AGGRESSIVE;
				CLANG_WARN_UNREACHABLE_CODE = YES;
				CLANG_WARN__DUPLICATE_METHOD_MATCH = YES;
				COPY_PHASE_STRIP = NO;
				DEBUG_INFORMATION_FORMAT = dwarf;
				ENABLE_STRICT_OBJC_MSGSEND = YES;
				ENABLE_TESTABILITY = YES;
				GCC_C_LANGUAGE_STANDARD = gnu11;
				GCC_DYNAMIC_NO_PIC = NO;
				GCC_NO_COMMON_BLOCKS = YES;
				GCC_OPTIMIZATION_LEVEL = 0;
				GCC_PREPROCESSOR_DEFINITIONS = (
					"DEBUG=1",
					"$(inherited)",
				);
				GCC_WARN_64_TO_32_BIT_CONVERSION = YES;
				GCC_WARN_ABOUT_RETURN_TYPE = YES_ERROR;
				GCC_WARN_UNDECLARED_SELECTOR = YES;
				GCC_WARN_UNINITIALIZED_AUTOS = YES_AGGRESSIVE;
				GCC_WARN_UNUSED_FUNCTION = YES;
				GCC_WARN_UNUSED_VARIABLE = YES;
				IPHONEOS_DEPLOYMENT_TARGET = 16.2;
				MTL_ENABLE_DEBUG_INFO = INCLUDE_SOURCE;
				MTL_FAST_MATH = YES;
				ONLY_ACTIVE_ARCH = YES;
				SDKROOT = iphoneos;
				SWIFT_ACTIVE_COMPILATION_CONDITIONS = DEBUG;
				SWIFT_OPTIMIZATION_LEVEL = "-Onone";
			};
			name = Debug;
		};
		E36AD2642BB7533800606E03 /* Release */ = {
			isa = XCBuildConfiguration;
			buildSettings = {
				ALWAYS_SEARCH_USER_PATHS = NO;
				CLANG_ANALYZER_NONNULL = YES;
				CLANG_ANALYZER_NUMBER_OBJECT_CONVERSION = YES_AGGRESSIVE;
				CLANG_CXX_LANGUAGE_STANDARD = "gnu++20";
				CLANG_ENABLE_MODULES = YES;
				CLANG_ENABLE_OBJC_ARC = YES;
				CLANG_ENABLE_OBJC_WEAK = YES;
				CLANG_WARN_BLOCK_CAPTURE_AUTORELEASING = YES;
				CLANG_WARN_BOOL_CONVERSION = YES;
				CLANG_WARN_COMMA = YES;
				CLANG_WARN_CONSTANT_CONVERSION = YES;
				CLANG_WARN_DEPRECATED_OBJC_IMPLEMENTATIONS = YES;
				CLANG_WARN_DIRECT_OBJC_ISA_USAGE = YES_ERROR;
				CLANG_WARN_DOCUMENTATION_COMMENTS = YES;
				CLANG_WARN_EMPTY_BODY = YES;
				CLANG_WARN_ENUM_CONVERSION = YES;
				CLANG_WARN_INFINITE_RECURSION = YES;
				CLANG_WARN_INT_CONVERSION = YES;
				CLANG_WARN_NON_LITERAL_NULL_CONVERSION = YES;
				CLANG_WARN_OBJC_IMPLICIT_RETAIN_SELF = YES;
				CLANG_WARN_OBJC_LITERAL_CONVERSION = YES;
				CLANG_WARN_OBJC_ROOT_CLASS = YES_ERROR;
				CLANG_WARN_QUOTED_INCLUDE_IN_FRAMEWORK_HEADER = YES;
				CLANG_WARN_RANGE_LOOP_ANALYSIS = YES;
				CLANG_WARN_STRICT_PROTOTYPES = YES;
				CLANG_WARN_SUSPICIOUS_MOVE = YES;
				CLANG_WARN_UNGUARDED_AVAILABILITY = YES_AGGRESSIVE;
				CLANG_WARN_UNREACHABLE_CODE = YES;
				CLANG_WARN__DUPLICATE_METHOD_MATCH = YES;
				COPY_PHASE_STRIP = NO;
				DEBUG_INFORMATION_FORMAT = "dwarf-with-dsym";
				ENABLE_NS_ASSERTIONS = NO;
				ENABLE_STRICT_OBJC_MSGSEND = YES;
				GCC_C_LANGUAGE_STANDARD = gnu11;
				GCC_NO_COMMON_BLOCKS = YES;
				GCC_WARN_64_TO_32_BIT_CONVERSION = YES;
				GCC_WARN_ABOUT_RETURN_TYPE = YES_ERROR;
				GCC_WARN_UNDECLARED_SELECTOR = YES;
				GCC_WARN_UNINITIALIZED_AUTOS = YES_AGGRESSIVE;
				GCC_WARN_UNUSED_FUNCTION = YES;
				GCC_WARN_UNUSED_VARIABLE = YES;
				IPHONEOS_DEPLOYMENT_TARGET = 16.2;
				MTL_ENABLE_DEBUG_INFO = NO;
				MTL_FAST_MATH = YES;
				SDKROOT = iphoneos;
				SWIFT_COMPILATION_MODE = wholemodule;
				SWIFT_OPTIMIZATION_LEVEL = "-O";
				VALIDATE_PRODUCT = YES;
			};
			name = Release;
		};
		E36AD2662BB7533800606E03 /* Debug */ = {
			isa = XCBuildConfiguration;
			buildSettings = {
				ASSETCATALOG_COMPILER_APPICON_NAME = AppIcon;
				ASSETCATALOG_COMPILER_GLOBAL_ACCENT_COLOR_NAME = AccentColor;
				CODE_SIGN_STYLE = Automatic;
				CURRENT_PROJECT_VERSION = 1;
				DEVELOPMENT_TEAM = 83U7D225Z5;
				GENERATE_INFOPLIST_FILE = YES;
				INFOPLIST_FILE = SpeedWritingApp/Info.plist;
				INFOPLIST_KEY_UIApplicationSupportsIndirectInputEvents = YES;
				INFOPLIST_KEY_UILaunchStoryboardName = LaunchScreen;
				INFOPLIST_KEY_UIMainStoryboardFile = Main;
				INFOPLIST_KEY_UISupportedInterfaceOrientations_iPad = "UIInterfaceOrientationPortrait UIInterfaceOrientationPortraitUpsideDown UIInterfaceOrientationLandscapeLeft UIInterfaceOrientationLandscapeRight";
				INFOPLIST_KEY_UISupportedInterfaceOrientations_iPhone = "UIInterfaceOrientationPortrait UIInterfaceOrientationLandscapeLeft UIInterfaceOrientationLandscapeRight";
				LD_RUNPATH_SEARCH_PATHS = (
					"$(inherited)",
					"@executable_path/Frameworks",
				);
				MARKETING_VERSION = 1.0;
				PRODUCT_BUNDLE_IDENTIFIER = com.karlnyhlin.SpeedWritingApp;
				PRODUCT_NAME = "$(TARGET_NAME)";
				SWIFT_EMIT_LOC_STRINGS = YES;
				SWIFT_VERSION = 5.0;
				TARGETED_DEVICE_FAMILY = "1,2";
			};
			name = Debug;
		};
		E36AD2672BB7533800606E03 /* Release */ = {
			isa = XCBuildConfiguration;
			buildSettings = {
				ASSETCATALOG_COMPILER_APPICON_NAME = AppIcon;
				ASSETCATALOG_COMPILER_GLOBAL_ACCENT_COLOR_NAME = AccentColor;
				CODE_SIGN_STYLE = Automatic;
				CURRENT_PROJECT_VERSION = 1;
				DEVELOPMENT_TEAM = 83U7D225Z5;
				GENERATE_INFOPLIST_FILE = YES;
				INFOPLIST_FILE = SpeedWritingApp/Info.plist;
				INFOPLIST_KEY_UIApplicationSupportsIndirectInputEvents = YES;
				INFOPLIST_KEY_UILaunchStoryboardName = LaunchScreen;
				INFOPLIST_KEY_UIMainStoryboardFile = Main;
				INFOPLIST_KEY_UISupportedInterfaceOrientations_iPad = "UIInterfaceOrientationPortrait UIInterfaceOrientationPortraitUpsideDown UIInterfaceOrientationLandscapeLeft UIInterfaceOrientationLandscapeRight";
				INFOPLIST_KEY_UISupportedInterfaceOrientations_iPhone = "UIInterfaceOrientationPortrait UIInterfaceOrientationLandscapeLeft UIInterfaceOrientationLandscapeRight";
				LD_RUNPATH_SEARCH_PATHS = (
					"$(inherited)",
					"@executable_path/Frameworks",
				);
				MARKETING_VERSION = 1.0;
				PRODUCT_BUNDLE_IDENTIFIER = com.karlnyhlin.SpeedWritingApp;
				PRODUCT_NAME = "$(TARGET_NAME)";
				SWIFT_EMIT_LOC_STRINGS = YES;
				SWIFT_VERSION = 5.0;
				TARGETED_DEVICE_FAMILY = "1,2";
			};
			name = Release;
		};
		E36AD2692BB7533800606E03 /* Debug */ = {
			isa = XCBuildConfiguration;
			buildSettings = {
				ALWAYS_EMBED_SWIFT_STANDARD_LIBRARIES = YES;
				BUNDLE_LOADER = "$(TEST_HOST)";
				CODE_SIGN_STYLE = Automatic;
				CURRENT_PROJECT_VERSION = 1;
				DEVELOPMENT_TEAM = 83U7D225Z5;
				GENERATE_INFOPLIST_FILE = YES;
				IPHONEOS_DEPLOYMENT_TARGET = 16.2;
				MARKETING_VERSION = 1.0;
				PRODUCT_BUNDLE_IDENTIFIER = com.karlnyhlin.SpeedWritingAppTests;
				PRODUCT_NAME = "$(TARGET_NAME)";
				SWIFT_EMIT_LOC_STRINGS = NO;
				SWIFT_VERSION = 5.0;
				TARGETED_DEVICE_FAMILY = "1,2";
				TEST_HOST = "$(BUILT_PRODUCTS_DIR)/SpeedWritingApp.app/$(BUNDLE_EXECUTABLE_FOLDER_PATH)/SpeedWritingApp";
			};
			name = Debug;
		};
		E36AD26A2BB7533800606E03 /* Release */ = {
			isa = XCBuildConfiguration;
			buildSettings = {
				ALWAYS_EMBED_SWIFT_STANDARD_LIBRARIES = YES;
				BUNDLE_LOADER = "$(TEST_HOST)";
				CODE_SIGN_STYLE = Automatic;
				CURRENT_PROJECT_VERSION = 1;
				DEVELOPMENT_TEAM = 83U7D225Z5;
				GENERATE_INFOPLIST_FILE = YES;
				IPHONEOS_DEPLOYMENT_TARGET = 16.2;
				MARKETING_VERSION = 1.0;
				PRODUCT_BUNDLE_IDENTIFIER = com.karlnyhlin.SpeedWritingAppTests;
				PRODUCT_NAME = "$(TARGET_NAME)";
				SWIFT_EMIT_LOC_STRINGS = NO;
				SWIFT_VERSION = 5.0;
				TARGETED_DEVICE_FAMILY = "1,2";
				TEST_HOST = "$(BUILT_PRODUCTS_DIR)/SpeedWritingApp.app/$(BUNDLE_EXECUTABLE_FOLDER_PATH)/SpeedWritingApp";
			};
			name = Release;
		};
		E36AD26C2BB7533800606E03 /* Debug */ = {
			isa = XCBuildConfiguration;
			buildSettings = {
				ALWAYS_EMBED_SWIFT_STANDARD_LIBRARIES = YES;
				CODE_SIGN_STYLE = Automatic;
				CURRENT_PROJECT_VERSION = 1;
				DEVELOPMENT_TEAM = 83U7D225Z5;
				GENERATE_INFOPLIST_FILE = YES;
				MARKETING_VERSION = 1.0;
				PRODUCT_BUNDLE_IDENTIFIER = com.karlnyhlin.SpeedWritingAppUITests;
				PRODUCT_NAME = "$(TARGET_NAME)";
				SWIFT_EMIT_LOC_STRINGS = NO;
				SWIFT_VERSION = 5.0;
				TARGETED_DEVICE_FAMILY = "1,2";
				TEST_TARGET_NAME = SpeedWritingApp;
			};
			name = Debug;
		};
		E36AD26D2BB7533800606E03 /* Release */ = {
			isa = XCBuildConfiguration;
			buildSettings = {
				ALWAYS_EMBED_SWIFT_STANDARD_LIBRARIES = YES;
				CODE_SIGN_STYLE = Automatic;
				CURRENT_PROJECT_VERSION = 1;
				DEVELOPMENT_TEAM = 83U7D225Z5;
				GENERATE_INFOPLIST_FILE = YES;
				MARKETING_VERSION = 1.0;
				PRODUCT_BUNDLE_IDENTIFIER = com.karlnyhlin.SpeedWritingAppUITests;
				PRODUCT_NAME = "$(TARGET_NAME)";
				SWIFT_EMIT_LOC_STRINGS = NO;
				SWIFT_VERSION = 5.0;
				TARGETED_DEVICE_FAMILY = "1,2";
				TEST_TARGET_NAME = SpeedWritingApp;
			};
			name = Release;
		};
/* End XCBuildConfiguration section */

/* Begin XCConfigurationList section */
		E36AD2362BB7533400606E03 /* Build configuration list for PBXProject "SpeedWritingApp" */ = {
			isa = XCConfigurationList;
			buildConfigurations = (
				E36AD2632BB7533800606E03 /* Debug */,
				E36AD2642BB7533800606E03 /* Release */,
			);
			defaultConfigurationIsVisible = 0;
			defaultConfigurationName = Release;
		};
		E36AD2652BB7533800606E03 /* Build configuration list for PBXNativeTarget "SpeedWritingApp" */ = {
			isa = XCConfigurationList;
			buildConfigurations = (
				E36AD2662BB7533800606E03 /* Debug */,
				E36AD2672BB7533800606E03 /* Release */,
			);
			defaultConfigurationIsVisible = 0;
			defaultConfigurationName = Release;
		};
		E36AD2682BB7533800606E03 /* Build configuration list for PBXNativeTarget "SpeedWritingAppTests" */ = {
			isa = XCConfigurationList;
			buildConfigurations = (
				E36AD2692BB7533800606E03 /* Debug */,
				E36AD26A2BB7533800606E03 /* Release */,
			);
			defaultConfigurationIsVisible = 0;
			defaultConfigurationName = Release;
		};
		E36AD26B2BB7533800606E03 /* Build configuration list for PBXNativeTarget "SpeedWritingAppUITests" */ = {
			isa = XCConfigurationList;
			buildConfigurations = (
				E36AD26C2BB7533800606E03 /* Debug */,
				E36AD26D2BB7533800606E03 /* Release */,
			);
			defaultConfigurationIsVisible = 0;
			defaultConfigurationName = Release;
		};
/* End XCConfigurationList section */
	};
	rootObject = E36AD2332BB7533400606E03 /* Project object */;
}
